// !$*UTF8*$!
{
	archiveVersion = 1;
	classes = {
	};
	objectVersion = 48;
	objects = {

/* Begin PBXBuildFile section */
		BAD19E241EA6EB9800725B65 /* Info.plist in Resources */ = {isa = PBXBuildFile; fileRef = BAD19E1D1EA6EB9800725B65 /* Info.plist */; };
		BAD19E251EA6EB9800725B65 /* ViewController.swift in Sources */ = {isa = PBXBuildFile; fileRef = BAD19E1E1EA6EB9800725B65 /* ViewController.swift */; };
		BAD19E261EA6EB9800725B65 /* fireworks.png in Resources */ = {isa = PBXBuildFile; fileRef = BAD19E1F1EA6EB9800725B65 /* fireworks.png */; };
		BAD19E271EA6EB9800725B65 /* TouchBarController.swift in Sources */ = {isa = PBXBuildFile; fileRef = BAD19E201EA6EB9800725B65 /* TouchBarController.swift */; };
		BAD19E281EA6EB9800725B65 /* AppDelegate.swift in Sources */ = {isa = PBXBuildFile; fileRef = BAD19E211EA6EB9800725B65 /* AppDelegate.swift */; };
		BAD19E291EA6EB9800725B65 /* Images.xcassets in Resources */ = {isa = PBXBuildFile; fileRef = BAD19E221EA6EB9800725B65 /* Images.xcassets */; };
		BAD19E2D1EA6EBD500725B65 /* Main.storyboard in Resources */ = {isa = PBXBuildFile; fileRef = BAD19E2B1EA6EBD500725B65 /* Main.storyboard */; };
/* End PBXBuildFile section */

/* Begin PBXFileReference section */
		53FA8DD91DCDFD1C00FA713F /* TouchbarFireworks.app */ = {isa = PBXFileReference; explicitFileType = wrapper.application; includeInIndex = 0; path = TouchbarFireworks.app; sourceTree = BUILT_PRODUCTS_DIR; };
		BAD19E1D1EA6EB9800725B65 /* Info.plist */ = {isa = PBXFileReference; fileEncoding = 4; lastKnownFileType = text.plist.xml; name = Info.plist; path = TouchbarFireworks/Info.plist; sourceTree = SOURCE_ROOT; };
		BAD19E1E1EA6EB9800725B65 /* ViewController.swift */ = {isa = PBXFileReference; fileEncoding = 4; lastKnownFileType = sourcecode.swift; name = ViewController.swift; path = TouchbarFireworks/ViewController.swift; sourceTree = SOURCE_ROOT; };
		BAD19E1F1EA6EB9800725B65 /* fireworks.png */ = {isa = PBXFileReference; lastKnownFileType = image.png; name = fireworks.png; path = TouchbarFireworks/fireworks.png; sourceTree = SOURCE_ROOT; };
		BAD19E201EA6EB9800725B65 /* TouchBarController.swift */ = {isa = PBXFileReference; fileEncoding = 4; lastKnownFileType = sourcecode.swift; name = TouchBarController.swift; path = TouchbarFireworks/TouchBarController.swift; sourceTree = SOURCE_ROOT; };
		BAD19E211EA6EB9800725B65 /* AppDelegate.swift */ = {isa = PBXFileReference; fileEncoding = 4; lastKnownFileType = sourcecode.swift; name = AppDelegate.swift; path = TouchbarFireworks/AppDelegate.swift; sourceTree = SOURCE_ROOT; };
		BAD19E221EA6EB9800725B65 /* Images.xcassets */ = {isa = PBXFileReference; lastKnownFileType = folder.assetcatalog; name = Images.xcassets; path = TouchbarFireworks/Images.xcassets; sourceTree = SOURCE_ROOT; };
		BAD19E2C1EA6EBD500725B65 /* Base */ = {isa = PBXFileReference; lastKnownFileType = file.storyboard; name = Base; path = TouchbarFireworks/Base.lproj/Main.storyboard; sourceTree = SOURCE_ROOT; };
/* End PBXFileReference section */

/* Begin PBXFrameworksBuildPhase section */
		53FA8DD61DCDFD1C00FA713F /* Frameworks */ = {
			isa = PBXFrameworksBuildPhase;
			buildActionMask = 2147483647;
			files = (
			);
			runOnlyForDeploymentPostprocessing = 0;
		};
/* End PBXFrameworksBuildPhase section */

/* Begin PBXGroup section */
		53FA8DD01DCDFD1C00FA713F = {
			isa = PBXGroup;
			children = (
				53FA8DDB1DCDFD1C00FA713F /* TouchbarFireworks */,
				53FA8DDA1DCDFD1C00FA713F /* Products */,
			);
			sourceTree = "<group>";
		};
		53FA8DDA1DCDFD1C00FA713F /* Products */ = {
			isa = PBXGroup;
			children = (
				53FA8DD91DCDFD1C00FA713F /* TouchbarFireworks.app */,
			);
			name = Products;
			sourceTree = "<group>";
		};
		53FA8DDB1DCDFD1C00FA713F /* TouchbarFireworks */ = {
			isa = PBXGroup;
			children = (
				BAD19E2B1EA6EBD500725B65 /* Main.storyboard */,
				BAD19E1D1EA6EB9800725B65 /* Info.plist */,
				BAD19E1E1EA6EB9800725B65 /* ViewController.swift */,
				BAD19E1F1EA6EB9800725B65 /* fireworks.png */,
				BAD19E201EA6EB9800725B65 /* TouchBarController.swift */,
				BAD19E211EA6EB9800725B65 /* AppDelegate.swift */,
				BAD19E221EA6EB9800725B65 /* Images.xcassets */,
			);
			name = TouchbarFireworks;
			path = KnightTouchBar2000;
			sourceTree = "<group>";
		};
/* End PBXGroup section */

/* Begin PBXNativeTarget section */
		53FA8DD81DCDFD1C00FA713F /* TouchbarFireworks */ = {
			isa = PBXNativeTarget;
			buildConfigurationList = 53FA8DE81DCDFD1C00FA713F /* Build configuration list for PBXNativeTarget "TouchbarFireworks" */;
			buildPhases = (
				53FA8DD51DCDFD1C00FA713F /* Sources */,
				53FA8DD61DCDFD1C00FA713F /* Frameworks */,
				53FA8DD71DCDFD1C00FA713F /* Resources */,
			);
			buildRules = (
			);
			dependencies = (
			);
			name = TouchbarFireworks;
			productName = KnightTouchBar2000;
			productReference = 53FA8DD91DCDFD1C00FA713F /* TouchbarFireworks.app */;
			productType = "com.apple.product-type.application";
		};
/* End PBXNativeTarget section */

/* Begin PBXProject section */
		53FA8DD11DCDFD1C00FA713F /* Project object */ = {
			isa = PBXProject;
			attributes = {
				LastSwiftUpdateCheck = 0810;
				LastUpgradeCheck = 0820;
				ORGANIZATIONNAME = "Anthony Da Mota";
				TargetAttributes = {
					53FA8DD81DCDFD1C00FA713F = {
						CreatedOnToolsVersion = 8.1;
						LastSwiftMigration = 0810;
						ProvisioningStyle = Automatic;
					};
				};
			};
			buildConfigurationList = 53FA8DD41DCDFD1C00FA713F /* Build configuration list for PBXProject "TouchbarFireworks" */;
			compatibilityVersion = "Xcode 8.0";
			developmentRegion = English;
			hasScannedForEncodings = 0;
			knownRegions = (
				en,
				Base,
			);
			mainGroup = 53FA8DD01DCDFD1C00FA713F;
			productRefGroup = 53FA8DDA1DCDFD1C00FA713F /* Products */;
			projectDirPath = "";
			projectRoot = "";
			targets = (
				53FA8DD81DCDFD1C00FA713F /* TouchbarFireworks */,
			);
		};
/* End PBXProject section */

/* Begin PBXResourcesBuildPhase section */
		53FA8DD71DCDFD1C00FA713F /* Resources */ = {
			isa = PBXResourcesBuildPhase;
			buildActionMask = 2147483647;
			files = (
				BAD19E261EA6EB9800725B65 /* fireworks.png in Resources */,
				BAD19E2D1EA6EBD500725B65 /* Main.storyboard in Resources */,
				BAD19E291EA6EB9800725B65 /* Images.xcassets in Resources */,
				BAD19E241EA6EB9800725B65 /* Info.plist in Resources */,
			);
			runOnlyForDeploymentPostprocessing = 0;
		};
/* End PBXResourcesBuildPhase section */

/* Begin PBXSourcesBuildPhase section */
		53FA8DD51DCDFD1C00FA713F /* Sources */ = {
			isa = PBXSourcesBuildPhase;
			buildActionMask = 2147483647;
			files = (
				BAD19E281EA6EB9800725B65 /* AppDelegate.swift in Sources */,
				BAD19E251EA6EB9800725B65 /* ViewController.swift in Sources */,
				BAD19E271EA6EB9800725B65 /* TouchBarController.swift in Sources */,
			);
			runOnlyForDeploymentPostprocessing = 0;
		};
/* End PBXSourcesBuildPhase section */

/* Begin PBXVariantGroup section */
		BAD19E2B1EA6EBD500725B65 /* Main.storyboard */ = {
			isa = PBXVariantGroup;
			children = (
				BAD19E2C1EA6EBD500725B65 /* Base */,
			);
			name = Main.storyboard;
			sourceTree = "<group>";
		};
/* End PBXVariantGroup section */

/* Begin XCBuildConfiguration section */
		53FA8DE61DCDFD1C00FA713F /* Debug */ = {
			isa = XCBuildConfiguration;
			buildSettings = {
				ALWAYS_SEARCH_USER_PATHS = NO;
				CLANG_ANALYZER_NONNULL = YES;
				CLANG_CXX_LANGUAGE_STANDARD = "gnu++0x";
				CLANG_CXX_LIBRARY = "libc++";
				CLANG_ENABLE_MODULES = YES;
				CLANG_ENABLE_OBJC_ARC = YES;
				CLANG_WARN_BOOL_CONVERSION = YES;
				CLANG_WARN_CONSTANT_CONVERSION = YES;
				CLANG_WARN_DIRECT_OBJC_ISA_USAGE = YES_ERROR;
				CLANG_WARN_DOCUMENTATION_COMMENTS = YES;
				CLANG_WARN_EMPTY_BODY = YES;
				CLANG_WARN_ENUM_CONVERSION = YES;
				CLANG_WARN_INFINITE_RECURSION = YES;
				CLANG_WARN_INT_CONVERSION = YES;
				CLANG_WARN_OBJC_ROOT_CLASS = YES_ERROR;
				CLANG_WARN_SUSPICIOUS_MOVE = YES;
				CLANG_WARN_SUSPICIOUS_MOVES = YES;
				CLANG_WARN_UNREACHABLE_CODE = YES;
				CLANG_WARN__DUPLICATE_METHOD_MATCH = YES;
				CODE_SIGN_IDENTITY = "-";
				COPY_PHASE_STRIP = NO;
				DEBUG_INFORMATION_FORMAT = dwarf;
				ENABLE_STRICT_OBJC_MSGSEND = YES;
				ENABLE_TESTABILITY = YES;
				GCC_C_LANGUAGE_STANDARD = gnu99;
				GCC_DYNAMIC_NO_PIC = NO;
				GCC_NO_COMMON_BLOCKS = YES;
				GCC_OPTIMIZATION_LEVEL = 0;
				GCC_PREPROCESSOR_DEFINITIONS = (
					"DEBUG=1",
					"$(inherited)",
				);
				GCC_WARN_64_TO_32_BIT_CONVERSION = YES;
				GCC_WARN_ABOUT_RETURN_TYPE = YES_ERROR;
				GCC_WARN_UNDECLARED_SELECTOR = YES;
				GCC_WARN_UNINITIALIZED_AUTOS = YES_AGGRESSIVE;
				GCC_WARN_UNUSED_FUNCTION = YES;
				GCC_WARN_UNUSED_VARIABLE = YES;
				MACOSX_DEPLOYMENT_TARGET = 10.12;
				MTL_ENABLE_DEBUG_INFO = YES;
				ONLY_ACTIVE_ARCH = YES;
				SDKROOT = macosx;
				SWIFT_ACTIVE_COMPILATION_CONDITIONS = DEBUG;
				SWIFT_OPTIMIZATION_LEVEL = "-Onone";
			};
			name = Debug;
		};
		53FA8DE71DCDFD1C00FA713F /* Release */ = {
			isa = XCBuildConfiguration;
			buildSettings = {
				ALWAYS_SEARCH_USER_PATHS = NO;
				CLANG_ANALYZER_NONNULL = YES;
				CLANG_CXX_LANGUAGE_STANDARD = "gnu++0x";
				CLANG_CXX_LIBRARY = "libc++";
				CLANG_ENABLE_MODULES = YES;
				CLANG_ENABLE_OBJC_ARC = YES;
				CLANG_WARN_BOOL_CONVERSION = YES;
				CLANG_WARN_CONSTANT_CONVERSION = YES;
				CLANG_WARN_DIRECT_OBJC_ISA_USAGE = YES_ERROR;
				CLANG_WARN_DOCUMENTATION_COMMENTS = YES;
				CLANG_WARN_EMPTY_BODY = YES;
				CLANG_WARN_ENUM_CONVERSION = YES;
				CLANG_WARN_INFINITE_RECURSION = YES;
				CLANG_WARN_INT_CONVERSION = YES;
				CLANG_WARN_OBJC_ROOT_CLASS = YES_ERROR;
				CLANG_WARN_SUSPICIOUS_MOVE = YES;
				CLANG_WARN_SUSPICIOUS_MOVES = YES;
				CLANG_WARN_UNREACHABLE_CODE = YES;
				CLANG_WARN__DUPLICATE_METHOD_MATCH = YES;
				CODE_SIGN_IDENTITY = "-";
				COPY_PHASE_STRIP = NO;
				DEBUG_INFORMATION_FORMAT = "dwarf-with-dsym";
				ENABLE_NS_ASSERTIONS = NO;
				ENABLE_STRICT_OBJC_MSGSEND = YES;
				GCC_C_LANGUAGE_STANDARD = gnu99;
				GCC_NO_COMMON_BLOCKS = YES;
				GCC_WARN_64_TO_32_BIT_CONVERSION = YES;
				GCC_WARN_ABOUT_RETURN_TYPE = YES_ERROR;
				GCC_WARN_UNDECLARED_SELECTOR = YES;
				GCC_WARN_UNINITIALIZED_AUTOS = YES_AGGRESSIVE;
				GCC_WARN_UNUSED_FUNCTION = YES;
				GCC_WARN_UNUSED_VARIABLE = YES;
				MACOSX_DEPLOYMENT_TARGET = 10.12;
				MTL_ENABLE_DEBUG_INFO = NO;
				SDKROOT = macosx;
				SWIFT_OPTIMIZATION_LEVEL = "-Owholemodule";
			};
			name = Release;
		};
		53FA8DE91DCDFD1C00FA713F /* Debug */ = {
			isa = XCBuildConfiguration;
			buildSettings = {
				ASSETCATALOG_COMPILER_APPICON_NAME = AppIcon;
				CLANG_ENABLE_MODULES = YES;
				CODE_SIGN_IDENTITY = "Mac Developer";
				COMBINE_HIDPI_IMAGES = YES;
				DEVELOPMENT_TEAM = 9597G999HW;
				INFOPLIST_FILE = TouchbarFireworks/Info.plist;
				LD_RUNPATH_SEARCH_PATHS = "$(inherited) @executable_path/../Frameworks";
				PRODUCT_BUNDLE_IDENTIFIER = com.s13g.TouchbarFireworks;
				PRODUCT_NAME = "$(TARGET_NAME)";
				SWIFT_OPTIMIZATION_LEVEL = "-Onone";
				SWIFT_VERSION = 3.0;
			};
			name = Debug;
		};
		53FA8DEA1DCDFD1C00FA713F /* Release */ = {
			isa = XCBuildConfiguration;
			buildSettings = {
				ASSETCATALOG_COMPILER_APPICON_NAME = AppIcon;
				CLANG_ENABLE_MODULES = YES;
				CODE_SIGN_IDENTITY = "Mac Developer";
				COMBINE_HIDPI_IMAGES = YES;
				DEVELOPMENT_TEAM = 9597G999HW;
				INFOPLIST_FILE = TouchbarFireworks/Info.plist;
				LD_RUNPATH_SEARCH_PATHS = "$(inherited) @executable_path/../Frameworks";
				PRODUCT_BUNDLE_IDENTIFIER = com.s13g.TouchbarFireworks;
				PRODUCT_NAME = "$(TARGET_NAME)";
				SWIFT_VERSION = 3.0;
			};
			name = Release;
		};
/* End XCBuildConfiguration section */

/* Begin XCConfigurationList section */
		53FA8DD41DCDFD1C00FA713F /* Build configuration list for PBXProject "TouchbarFireworks" */ = {
			isa = XCConfigurationList;
			buildConfigurations = (
				53FA8DE61DCDFD1C00FA713F /* Debug */,
				53FA8DE71DCDFD1C00FA713F /* Release */,
			);
			defaultConfigurationIsVisible = 0;
			defaultConfigurationName = Release;
		};
		53FA8DE81DCDFD1C00FA713F /* Build configuration list for PBXNativeTarget "TouchbarFireworks" */ = {
			isa = XCConfigurationList;
			buildConfigurations = (
				53FA8DE91DCDFD1C00FA713F /* Debug */,
				53FA8DEA1DCDFD1C00FA713F /* Release */,
			);
			defaultConfigurationIsVisible = 0;
			defaultConfigurationName = Release;
		};
/* End XCConfigurationList section */
	};
	rootObject = 53FA8DD11DCDFD1C00FA713F /* Project object */;
}
